
Microsoft Visual Studio Solution File, Format Version 12.00
# Visual Studio Version 16
VisualStudioVersion = 16.0.31515.178
MinimumVisualStudioVersion = 10.0.40219.1
Project("{9A19103F-16F7-4668-BE54-9A1E7A4F7556}") = "CodeFirst.API", "CodeFirst.API\CodeFirst.API.csproj", "{9982491D-BD91-4FB5-A7B5-307ACD503005}"
EndProject
Project("{9A19103F-16F7-4668-BE54-9A1E7A4F7556}") = "CodeFirst.Model", "CodeFirst.Model\CodeFirst.Model.csproj", "{CDE01E2D-817F-4AC9-AA65-E6EDD5A083A1}"
EndProject
Global
	GlobalSection(SolutionConfigurationPlatforms) = preSolution
		Debug|Any CPU = Debug|Any CPU
		Release|Any CPU = Release|Any CPU
	EndGlobalSection
	GlobalSection(ProjectConfigurationPlatforms) = postSolution
		{9982491D-BD91-4FB5-A7B5-307ACD503005}.Debug|Any CPU.ActiveCfg = Debug|Any CPU
		{9982491D-BD91-4FB5-A7B5-307ACD503005}.Debug|Any CPU.Build.0 = Debug|Any CPU
		{9982491D-BD91-4FB5-A7B5-307ACD503005}.Release|Any CPU.ActiveCfg = Release|Any CPU
		{9982491D-BD91-4FB5-A7B5-307ACD503005}.Release|Any CPU.Build.0 = Release|Any CPU
		{CDE01E2D-817F-4AC9-AA65-E6EDD5A083A1}.Debug|Any CPU.ActiveCfg = Debug|Any CPU
		{CDE01E2D-817F-4AC9-AA65-E6EDD5A083A1}.Debug|Any CPU.Build.0 = Debug|Any CPU
		{CDE01E2D-817F-4AC9-AA65-E6EDD5A083A1}.Release|Any CPU.ActiveCfg = Release|Any CPU
		{CDE01E2D-817F-4AC9-AA65-E6EDD5A083A1}.Release|Any CPU.Build.0 = Release|Any CPU
	EndGlobalSection
	GlobalSection(SolutionProperties) = preSolution
		HideSolutionNode = FALSE
	EndGlobalSection
	GlobalSection(ExtensibilityGlobals) = postSolution
		SolutionGuid = {BE87859A-EFC3-48A2-9C46-32A432E7151F}
	EndGlobalSection
EndGlobal
